
Microsoft Visual Studio Solution File, Format Version 12.00
# Visual Studio 15
VisualStudioVersion = 15.0.28307.1321
MinimumVisualStudioVersion = 10.0.40219.1
Project("{FAE04EC0-301F-11D3-BF4B-00C04F79EFBC}") = "AuditPrediction", "AuditPrediction\AuditPrediction.csproj", "{E1021205-9B76-4B8E-98FF-263F31B522AF}"
EndProject
Global
	GlobalSection(SolutionConfigurationPlatforms) = preSolution
		Debug|Any CPU = Debug|Any CPU
		Release|Any CPU = Release|Any CPU
	EndGlobalSection
	GlobalSection(ProjectConfigurationPlatforms) = postSolution
		{E1021205-9B76-4B8E-98FF-263F31B522AF}.Debug|Any CPU.ActiveCfg = Debug|Any CPU
		{E1021205-9B76-4B8E-98FF-263F31B522AF}.Debug|Any CPU.Build.0 = Debug|Any CPU
		{E1021205-9B76-4B8E-98FF-263F31B522AF}.Release|Any CPU.ActiveCfg = Release|Any CPU
		{E1021205-9B76-4B8E-98FF-263F31B522AF}.Release|Any CPU.Build.0 = Release|Any CPU
	EndGlobalSection
	GlobalSection(SolutionProperties) = preSolution
		HideSolutionNode = FALSE
	EndGlobalSection
	GlobalSection(ExtensibilityGlobals) = postSolution
		SolutionGuid = {574AAE50-5572-4A02-8FAD-543A94C26282}
	EndGlobalSection
EndGlobal
